
Microsoft Visual Studio Solution File, Format Version 12.00
# Visual Studio Version 17
VisualStudioVersion = 17.7.34221.43
MinimumVisualStudioVersion = 10.0.40219.1
Project("{2150E333-8FDC-42A3-9474-1A3956D46DE8}") = "API", "API", "{09F81117-13C8-4B93-8EAD-9F1EBC9C2180}"
EndProject
Project("{2150E333-8FDC-42A3-9474-1A3956D46DE8}") = "Core", "Core", "{BF9CD67C-2670-4F3E-AEFA-E1BE859F48B1}"
EndProject
Project("{2150E333-8FDC-42A3-9474-1A3956D46DE8}") = "Infrastructure", "Infrastructure", "{72CD5F89-1C8B-4941-AAC5-C41A7B8A39FC}"
EndProject
Project("{FAE04EC0-301F-11D3-BF4B-00C04F79EFBC}") = "Domain", "Domain\Domain.csproj", "{C2FA7BBB-206B-4057-977C-C97BCC6725B2}"
EndProject
Project("{FAE04EC0-301F-11D3-BF4B-00C04F79EFBC}") = "Application", "Application\Application.csproj", "{134901EA-71A2-4B98-8C3C-847015C3882C}"
EndProject
Project("{FAE04EC0-301F-11D3-BF4B-00C04F79EFBC}") = "Common", "Common\Common.csproj", "{7D73585E-54E1-4B08-A57F-82A68E9AF2D5}"
EndProject
Project("{FAE04EC0-301F-11D3-BF4B-00C04F79EFBC}") = "Persistence", "Persistence\Persistence.csproj", "{47D9D491-890C-40D6-827E-8B774ADC20ED}"
EndProject
Project("{FAE04EC0-301F-11D3-BF4B-00C04F79EFBC}") = "Infrastructure", "Infrastructure\Infrastructure.csproj", "{9E155BA0-874E-4145-9981-463AED1E9F77}"
EndProject
Project("{FAE04EC0-301F-11D3-BF4B-00C04F79EFBC}") = "WebAPI", "WebAPI\WebAPI.csproj", "{8203C7C4-42BA-40AF-AD86-A032A9CD84C7}"
EndProject
Global
	GlobalSection(SolutionConfigurationPlatforms) = preSolution
		Debug|Any CPU = Debug|Any CPU
		Release|Any CPU = Release|Any CPU
	EndGlobalSection
	GlobalSection(ProjectConfigurationPlatforms) = postSolution
		{C2FA7BBB-206B-4057-977C-C97BCC6725B2}.Debug|Any CPU.ActiveCfg = Debug|Any CPU
		{C2FA7BBB-206B-4057-977C-C97BCC6725B2}.Debug|Any CPU.Build.0 = Debug|Any CPU
		{C2FA7BBB-206B-4057-977C-C97BCC6725B2}.Release|Any CPU.ActiveCfg = Release|Any CPU
		{C2FA7BBB-206B-4057-977C-C97BCC6725B2}.Release|Any CPU.Build.0 = Release|Any CPU
		{134901EA-71A2-4B98-8C3C-847015C3882C}.Debug|Any CPU.ActiveCfg = Debug|Any CPU
		{134901EA-71A2-4B98-8C3C-847015C3882C}.Debug|Any CPU.Build.0 = Debug|Any CPU
		{134901EA-71A2-4B98-8C3C-847015C3882C}.Release|Any CPU.ActiveCfg = Release|Any CPU
		{134901EA-71A2-4B98-8C3C-847015C3882C}.Release|Any CPU.Build.0 = Release|Any CPU
		{7D73585E-54E1-4B08-A57F-82A68E9AF2D5}.Debug|Any CPU.ActiveCfg = Debug|Any CPU
		{7D73585E-54E1-4B08-A57F-82A68E9AF2D5}.Debug|Any CPU.Build.0 = Debug|Any CPU
		{7D73585E-54E1-4B08-A57F-82A68E9AF2D5}.Release|Any CPU.ActiveCfg = Release|Any CPU
		{7D73585E-54E1-4B08-A57F-82A68E9AF2D5}.Release|Any CPU.Build.0 = Release|Any CPU
		{47D9D491-890C-40D6-827E-8B774ADC20ED}.Debug|Any CPU.ActiveCfg = Debug|Any CPU
		{47D9D491-890C-40D6-827E-8B774ADC20ED}.Debug|Any CPU.Build.0 = Debug|Any CPU
		{47D9D491-890C-40D6-827E-8B774ADC20ED}.Release|Any CPU.ActiveCfg = Release|Any CPU
		{47D9D491-890C-40D6-827E-8B774ADC20ED}.Release|Any CPU.Build.0 = Release|Any CPU
		{9E155BA0-874E-4145-9981-463AED1E9F77}.Debug|Any CPU.ActiveCfg = Debug|Any CPU
		{9E155BA0-874E-4145-9981-463AED1E9F77}.Debug|Any CPU.Build.0 = Debug|Any CPU
		{9E155BA0-874E-4145-9981-463AED1E9F77}.Release|Any CPU.ActiveCfg = Release|Any CPU
		{9E155BA0-874E-4145-9981-463AED1E9F77}.Release|Any CPU.Build.0 = Release|Any CPU
		{8203C7C4-42BA-40AF-AD86-A032A9CD84C7}.Debug|Any CPU.ActiveCfg = Debug|Any CPU
		{8203C7C4-42BA-40AF-AD86-A032A9CD84C7}.Debug|Any CPU.Build.0 = Debug|Any CPU
		{8203C7C4-42BA-40AF-AD86-A032A9CD84C7}.Release|Any CPU.ActiveCfg = Release|Any CPU
		{8203C7C4-42BA-40AF-AD86-A032A9CD84C7}.Release|Any CPU.Build.0 = Release|Any CPU
	EndGlobalSection
	GlobalSection(SolutionProperties) = preSolution
		HideSolutionNode = FALSE
	EndGlobalSection
	GlobalSection(NestedProjects) = preSolution
		{C2FA7BBB-206B-4057-977C-C97BCC6725B2} = {BF9CD67C-2670-4F3E-AEFA-E1BE859F48B1}
		{134901EA-71A2-4B98-8C3C-847015C3882C} = {BF9CD67C-2670-4F3E-AEFA-E1BE859F48B1}
		{7D73585E-54E1-4B08-A57F-82A68E9AF2D5} = {BF9CD67C-2670-4F3E-AEFA-E1BE859F48B1}
		{47D9D491-890C-40D6-827E-8B774ADC20ED} = {72CD5F89-1C8B-4941-AAC5-C41A7B8A39FC}
		{9E155BA0-874E-4145-9981-463AED1E9F77} = {72CD5F89-1C8B-4941-AAC5-C41A7B8A39FC}
		{8203C7C4-42BA-40AF-AD86-A032A9CD84C7} = {09F81117-13C8-4B93-8EAD-9F1EBC9C2180}
	EndGlobalSection
	GlobalSection(ExtensibilityGlobals) = postSolution
		SolutionGuid = {550F50D7-2CB5-4093-8869-A817B3A8D94E}
	EndGlobalSection
EndGlobal
